// !$*UTF8*$!
{
	archiveVersion = 1;
	classes = {
	};
	objectVersion = 55;
	objects = {

/* Begin PBXBuildFile section */
		5FFABF3227625A96002DCC2F /* AppDelegate.swift in Sources */ = {isa = PBXBuildFile; fileRef = 5FFABF3127625A96002DCC2F /* AppDelegate.swift */; };
		5FFABF3427625A96002DCC2F /* SceneDelegate.swift in Sources */ = {isa = PBXBuildFile; fileRef = 5FFABF3327625A96002DCC2F /* SceneDelegate.swift */; };
		5FFABF3627625A96002DCC2F /* ViewController.swift in Sources */ = {isa = PBXBuildFile; fileRef = 5FFABF3527625A96002DCC2F /* ViewController.swift */; };
		5FFABF3927625A96002DCC2F /* Main.storyboard in Resources */ = {isa = PBXBuildFile; fileRef = 5FFABF3727625A96002DCC2F /* Main.storyboard */; };
		5FFABF3B27625A9E002DCC2F /* Assets.xcassets in Resources */ = {isa = PBXBuildFile; fileRef = 5FFABF3A27625A9E002DCC2F /* Assets.xcassets */; };
		5FFABF3E27625A9E002DCC2F /* LaunchScreen.storyboard in Resources */ = {isa = PBXBuildFile; fileRef = 5FFABF3C27625A9E002DCC2F /* LaunchScreen.storyboard */; };
		5FFABF4927625AA0002DCC2F /* BeastListTests.swift in Sources */ = {isa = PBXBuildFile; fileRef = 5FFABF4827625AA0002DCC2F /* BeastListTests.swift */; };
		5FFABF5327625AA0002DCC2F /* BeastListUITests.swift in Sources */ = {isa = PBXBuildFile; fileRef = 5FFABF5227625AA0002DCC2F /* BeastListUITests.swift */; };
		5FFABF5527625AA0002DCC2F /* BeastListUITestsLaunchTests.swift in Sources */ = {isa = PBXBuildFile; fileRef = 5FFABF5427625AA0002DCC2F /* BeastListUITestsLaunchTests.swift */; };
/* End PBXBuildFile section */

/* Begin PBXContainerItemProxy section */
		5FFABF4527625A9F002DCC2F /* PBXContainerItemProxy */ = {
			isa = PBXContainerItemProxy;
			containerPortal = 5FFABF2627625A96002DCC2F /* Project object */;
			proxyType = 1;
			remoteGlobalIDString = 5FFABF2D27625A96002DCC2F;
			remoteInfo = BeastList;
		};
		5FFABF4F27625AA0002DCC2F /* PBXContainerItemProxy */ = {
			isa = PBXContainerItemProxy;
			containerPortal = 5FFABF2627625A96002DCC2F /* Project object */;
			proxyType = 1;
			remoteGlobalIDString = 5FFABF2D27625A96002DCC2F;
			remoteInfo = BeastList;
		};
/* End PBXContainerItemProxy section */

/* Begin PBXFileReference section */
		5FFABF2E27625A96002DCC2F /* BeastList.app */ = {isa = PBXFileReference; explicitFileType = wrapper.application; includeInIndex = 0; path = BeastList.app; sourceTree = BUILT_PRODUCTS_DIR; };
		5FFABF3127625A96002DCC2F /* AppDelegate.swift */ = {isa = PBXFileReference; lastKnownFileType = sourcecode.swift; path = AppDelegate.swift; sourceTree = "<group>"; };
		5FFABF3327625A96002DCC2F /* SceneDelegate.swift */ = {isa = PBXFileReference; lastKnownFileType = sourcecode.swift; path = SceneDelegate.swift; sourceTree = "<group>"; };
		5FFABF3527625A96002DCC2F /* ViewController.swift */ = {isa = PBXFileReference; lastKnownFileType = sourcecode.swift; path = ViewController.swift; sourceTree = "<group>"; };
		5FFABF3827625A96002DCC2F /* Base */ = {isa = PBXFileReference; lastKnownFileType = file.storyboard; name = Base; path = Base.lproj/Main.storyboard; sourceTree = "<group>"; };
		5FFABF3A27625A9E002DCC2F /* Assets.xcassets */ = {isa = PBXFileReference; lastKnownFileType = folder.assetcatalog; path = Assets.xcassets; sourceTree = "<group>"; };
		5FFABF3D27625A9E002DCC2F /* Base */ = {isa = PBXFileReference; lastKnownFileType = file.storyboard; name = Base; path = Base.lproj/LaunchScreen.storyboard; sourceTree = "<group>"; };
		5FFABF3F27625A9E002DCC2F /* Info.plist */ = {isa = PBXFileReference; lastKnownFileType = text.plist.xml; path = Info.plist; sourceTree = "<group>"; };
		5FFABF4427625A9F002DCC2F /* BeastListTests.xctest */ = {isa = PBXFileReference; explicitFileType = wrapper.cfbundle; includeInIndex = 0; path = BeastListTests.xctest; sourceTree = BUILT_PRODUCTS_DIR; };
		5FFABF4827625AA0002DCC2F /* BeastListTests.swift */ = {isa = PBXFileReference; lastKnownFileType = sourcecode.swift; path = BeastListTests.swift; sourceTree = "<group>"; };
		5FFABF4E27625AA0002DCC2F /* BeastListUITests.xctest */ = {isa = PBXFileReference; explicitFileType = wrapper.cfbundle; includeInIndex = 0; path = BeastListUITests.xctest; sourceTree = BUILT_PRODUCTS_DIR; };
		5FFABF5227625AA0002DCC2F /* BeastListUITests.swift */ = {isa = PBXFileReference; lastKnownFileType = sourcecode.swift; path = BeastListUITests.swift; sourceTree = "<group>"; };
		5FFABF5427625AA0002DCC2F /* BeastListUITestsLaunchTests.swift */ = {isa = PBXFileReference; lastKnownFileType = sourcecode.swift; path = BeastListUITestsLaunchTests.swift; sourceTree = "<group>"; };
/* End PBXFileReference section */

/* Begin PBXFrameworksBuildPhase section */
		5FFABF2B27625A96002DCC2F /* Frameworks */ = {
			isa = PBXFrameworksBuildPhase;
			buildActionMask = 2147483647;
			files = (
			);
			runOnlyForDeploymentPostprocessing = 0;
		};
		5FFABF4127625A9F002DCC2F /* Frameworks */ = {
			isa = PBXFrameworksBuildPhase;
			buildActionMask = 2147483647;
			files = (
			);
			runOnlyForDeploymentPostprocessing = 0;
		};
		5FFABF4B27625AA0002DCC2F /* Frameworks */ = {
			isa = PBXFrameworksBuildPhase;
			buildActionMask = 2147483647;
			files = (
			);
			runOnlyForDeploymentPostprocessing = 0;
		};
/* End PBXFrameworksBuildPhase section */

/* Begin PBXGroup section */
		5FFABF2527625A96002DCC2F = {
			isa = PBXGroup;
			children = (
				5FFABF3027625A96002DCC2F /* BeastList */,
				5FFABF4727625AA0002DCC2F /* BeastListTests */,
				5FFABF5127625AA0002DCC2F /* BeastListUITests */,
				5FFABF2F27625A96002DCC2F /* Products */,
			);
			sourceTree = "<group>";
		};
		5FFABF2F27625A96002DCC2F /* Products */ = {
			isa = PBXGroup;
			children = (
				5FFABF2E27625A96002DCC2F /* BeastList.app */,
				5FFABF4427625A9F002DCC2F /* BeastListTests.xctest */,
				5FFABF4E27625AA0002DCC2F /* BeastListUITests.xctest */,
			);
			name = Products;
			sourceTree = "<group>";
		};
		5FFABF3027625A96002DCC2F /* BeastList */ = {
			isa = PBXGroup;
			children = (
				5FFABF3127625A96002DCC2F /* AppDelegate.swift */,
				5FFABF3327625A96002DCC2F /* SceneDelegate.swift */,
				5FFABF3527625A96002DCC2F /* ViewController.swift */,
				5FFABF3727625A96002DCC2F /* Main.storyboard */,
				5FFABF3A27625A9E002DCC2F /* Assets.xcassets */,
				5FFABF3C27625A9E002DCC2F /* LaunchScreen.storyboard */,
				5FFABF3F27625A9E002DCC2F /* Info.plist */,
			);
			path = BeastList;
			sourceTree = "<group>";
		};
		5FFABF4727625AA0002DCC2F /* BeastListTests */ = {
			isa = PBXGroup;
			children = (
				5FFABF4827625AA0002DCC2F /* BeastListTests.swift */,
			);
			path = BeastListTests;
			sourceTree = "<group>";
		};
		5FFABF5127625AA0002DCC2F /* BeastListUITests */ = {
			isa = PBXGroup;
			children = (
				5FFABF5227625AA0002DCC2F /* BeastListUITests.swift */,
				5FFABF5427625AA0002DCC2F /* BeastListUITestsLaunchTests.swift */,
			);
			path = BeastListUITests;
			sourceTree = "<group>";
		};
/* End PBXGroup section */

/* Begin PBXNativeTarget section */
		5FFABF2D27625A96002DCC2F /* BeastList */ = {
			isa = PBXNativeTarget;
			buildConfigurationList = 5FFABF5827625AA0002DCC2F /* Build configuration list for PBXNativeTarget "BeastList" */;
			buildPhases = (
				5FFABF2A27625A96002DCC2F /* Sources */,
				5FFABF2B27625A96002DCC2F /* Frameworks */,
				5FFABF2C27625A96002DCC2F /* Resources */,
			);
			buildRules = (
			);
			dependencies = (
			);
			name = BeastList;
			productName = BeastList;
			productReference = 5FFABF2E27625A96002DCC2F /* BeastList.app */;
			productType = "com.apple.product-type.application";
		};
		5FFABF4327625A9F002DCC2F /* BeastListTests */ = {
			isa = PBXNativeTarget;
			buildConfigurationList = 5FFABF5B27625AA0002DCC2F /* Build configuration list for PBXNativeTarget "BeastListTests" */;
			buildPhases = (
				5FFABF4027625A9F002DCC2F /* Sources */,
				5FFABF4127625A9F002DCC2F /* Frameworks */,
				5FFABF4227625A9F002DCC2F /* Resources */,
			);
			buildRules = (
			);
			dependencies = (
				5FFABF4627625A9F002DCC2F /* PBXTargetDependency */,
			);
			name = BeastListTests;
			productName = BeastListTests;
			productReference = 5FFABF4427625A9F002DCC2F /* BeastListTests.xctest */;
			productType = "com.apple.product-type.bundle.unit-test";
		};
		5FFABF4D27625AA0002DCC2F /* BeastListUITests */ = {
			isa = PBXNativeTarget;
			buildConfigurationList = 5FFABF5E27625AA0002DCC2F /* Build configuration list for PBXNativeTarget "BeastListUITests" */;
			buildPhases = (
				5FFABF4A27625AA0002DCC2F /* Sources */,
				5FFABF4B27625AA0002DCC2F /* Frameworks */,
				5FFABF4C27625AA0002DCC2F /* Resources */,
			);
			buildRules = (
			);
			dependencies = (
				5FFABF5027625AA0002DCC2F /* PBXTargetDependency */,
			);
			name = BeastListUITests;
			productName = BeastListUITests;
			productReference = 5FFABF4E27625AA0002DCC2F /* BeastListUITests.xctest */;
			productType = "com.apple.product-type.bundle.ui-testing";
		};
/* End PBXNativeTarget section */

/* Begin PBXProject section */
		5FFABF2627625A96002DCC2F /* Project object */ = {
			isa = PBXProject;
			attributes = {
				BuildIndependentTargetsInParallel = 1;
				LastSwiftUpdateCheck = 1310;
				LastUpgradeCheck = 1310;
				TargetAttributes = {
					5FFABF2D27625A96002DCC2F = {
						CreatedOnToolsVersion = 13.1;
					};
					5FFABF4327625A9F002DCC2F = {
						CreatedOnToolsVersion = 13.1;
						TestTargetID = 5FFABF2D27625A96002DCC2F;
					};
					5FFABF4D27625AA0002DCC2F = {
						CreatedOnToolsVersion = 13.1;
						TestTargetID = 5FFABF2D27625A96002DCC2F;
					};
				};
			};
			buildConfigurationList = 5FFABF2927625A96002DCC2F /* Build configuration list for PBXProject "BeastList" */;
			compatibilityVersion = "Xcode 13.0";
			developmentRegion = en;
			hasScannedForEncodings = 0;
			knownRegions = (
				en,
				Base,
			);
			mainGroup = 5FFABF2527625A96002DCC2F;
			productRefGroup = 5FFABF2F27625A96002DCC2F /* Products */;
			projectDirPath = "";
			projectRoot = "";
			targets = (
				5FFABF2D27625A96002DCC2F /* BeastList */,
				5FFABF4327625A9F002DCC2F /* BeastListTests */,
				5FFABF4D27625AA0002DCC2F /* BeastListUITests */,
			);
		};
/* End PBXProject section */

/* Begin PBXResourcesBuildPhase section */
		5FFABF2C27625A96002DCC2F /* Resources */ = {
			isa = PBXResourcesBuildPhase;
			buildActionMask = 2147483647;
			files = (
				5FFABF3E27625A9E002DCC2F /* LaunchScreen.storyboard in Resources */,
				5FFABF3B27625A9E002DCC2F /* Assets.xcassets in Resources */,
				5FFABF3927625A96002DCC2F /* Main.storyboard in Resources */,
			);
			runOnlyForDeploymentPostprocessing = 0;
		};
		5FFABF4227625A9F002DCC2F /* Resources */ = {
			isa = PBXResourcesBuildPhase;
			buildActionMask = 2147483647;
			files = (
			);
			runOnlyForDeploymentPostprocessing = 0;
		};
		5FFABF4C27625AA0002DCC2F /* Resources */ = {
			isa = PBXResourcesBuildPhase;
			buildActionMask = 2147483647;
			files = (
			);
			runOnlyForDeploymentPostprocessing = 0;
		};
/* End PBXResourcesBuildPhase section */

/* Begin PBXSourcesBuildPhase section */
		5FFABF2A27625A96002DCC2F /* Sources */ = {
			isa = PBXSourcesBuildPhase;
			buildActionMask = 2147483647;
			files = (
				5FFABF3627625A96002DCC2F /* ViewController.swift in Sources */,
				5FFABF3227625A96002DCC2F /* AppDelegate.swift in Sources */,
				5FFABF3427625A96002DCC2F /* SceneDelegate.swift in Sources */,
			);
			runOnlyForDeploymentPostprocessing = 0;
		};
		5FFABF4027625A9F002DCC2F /* Sources */ = {
			isa = PBXSourcesBuildPhase;
			buildActionMask = 2147483647;
			files = (
				5FFABF4927625AA0002DCC2F /* BeastListTests.swift in Sources */,
			);
			runOnlyForDeploymentPostprocessing = 0;
		};
		5FFABF4A27625AA0002DCC2F /* Sources */ = {
			isa = PBXSourcesBuildPhase;
			buildActionMask = 2147483647;
			files = (
				5FFABF5527625AA0002DCC2F /* BeastListUITestsLaunchTests.swift in Sources */,
				5FFABF5327625AA0002DCC2F /* BeastListUITests.swift in Sources */,
			);
			runOnlyForDeploymentPostprocessing = 0;
		};
/* End PBXSourcesBuildPhase section */

/* Begin PBXTargetDependency section */
		5FFABF4627625A9F002DCC2F /* PBXTargetDependency */ = {
			isa = PBXTargetDependency;
			target = 5FFABF2D27625A96002DCC2F /* BeastList */;
			targetProxy = 5FFABF4527625A9F002DCC2F /* PBXContainerItemProxy */;
		};
		5FFABF5027625AA0002DCC2F /* PBXTargetDependency */ = {
			isa = PBXTargetDependency;
			target = 5FFABF2D27625A96002DCC2F /* BeastList */;
			targetProxy = 5FFABF4F27625AA0002DCC2F /* PBXContainerItemProxy */;
		};
/* End PBXTargetDependency section */

/* Begin PBXVariantGroup section */
		5FFABF3727625A96002DCC2F /* Main.storyboard */ = {
			isa = PBXVariantGroup;
			children = (
				5FFABF3827625A96002DCC2F /* Base */,
			);
			name = Main.storyboard;
			sourceTree = "<group>";
		};
		5FFABF3C27625A9E002DCC2F /* LaunchScreen.storyboard */ = {
			isa = PBXVariantGroup;
			children = (
				5FFABF3D27625A9E002DCC2F /* Base */,
			);
			name = LaunchScreen.storyboard;
			sourceTree = "<group>";
		};
/* End PBXVariantGroup section */

/* Begin XCBuildConfiguration section */
		5FFABF5627625AA0002DCC2F /* Debug */ = {
			isa = XCBuildConfiguration;
			buildSettings = {
				ALWAYS_SEARCH_USER_PATHS = NO;
				CLANG_ANALYZER_NONNULL = YES;
				CLANG_ANALYZER_NUMBER_OBJECT_CONVERSION = YES_AGGRESSIVE;
				CLANG_CXX_LANGUAGE_STANDARD = "gnu++17";
				CLANG_CXX_LIBRARY = "libc++";
				CLANG_ENABLE_MODULES = YES;
				CLANG_ENABLE_OBJC_ARC = YES;
				CLANG_ENABLE_OBJC_WEAK = YES;
				CLANG_WARN_BLOCK_CAPTURE_AUTORELEASING = YES;
				CLANG_WARN_BOOL_CONVERSION = YES;
				CLANG_WARN_COMMA = YES;
				CLANG_WARN_CONSTANT_CONVERSION = YES;
				CLANG_WARN_DEPRECATED_OBJC_IMPLEMENTATIONS = YES;
				CLANG_WARN_DIRECT_OBJC_ISA_USAGE = YES_ERROR;
				CLANG_WARN_DOCUMENTATION_COMMENTS = YES;
				CLANG_WARN_EMPTY_BODY = YES;
				CLANG_WARN_ENUM_CONVERSION = YES;
				CLANG_WARN_INFINITE_RECURSION = YES;
				CLANG_WARN_INT_CONVERSION = YES;
				CLANG_WARN_NON_LITERAL_NULL_CONVERSION = YES;
				CLANG_WARN_OBJC_IMPLICIT_RETAIN_SELF = YES;
				CLANG_WARN_OBJC_LITERAL_CONVERSION = YES;
				CLANG_WARN_OBJC_ROOT_CLASS = YES_ERROR;
				CLANG_WARN_QUOTED_INCLUDE_IN_FRAMEWORK_HEADER = YES;
				CLANG_WARN_RANGE_LOOP_ANALYSIS = YES;
				CLANG_WARN_STRICT_PROTOTYPES = YES;
				CLANG_WARN_SUSPICIOUS_MOVE = YES;
				CLANG_WARN_UNGUARDED_AVAILABILITY = YES_AGGRESSIVE;
				CLANG_WARN_UNREACHABLE_CODE = YES;
				CLANG_WARN__DUPLICATE_METHOD_MATCH = YES;
				COPY_PHASE_STRIP = NO;
				DEBUG_INFORMATION_FORMAT = dwarf;
				ENABLE_STRICT_OBJC_MSGSEND = YES;
				ENABLE_TESTABILITY = YES;
				GCC_C_LANGUAGE_STANDARD = gnu11;
				GCC_DYNAMIC_NO_PIC = NO;
				GCC_NO_COMMON_BLOCKS = YES;
				GCC_OPTIMIZATION_LEVEL = 0;
				GCC_PREPROCESSOR_DEFINITIONS = (
					"DEBUG=1",
					"$(inherited)",
				);
				GCC_WARN_64_TO_32_BIT_CONVERSION = YES;
				GCC_WARN_ABOUT_RETURN_TYPE = YES_ERROR;
				GCC_WARN_UNDECLARED_SELECTOR = YES;
				GCC_WARN_UNINITIALIZED_AUTOS = YES_AGGRESSIVE;
				GCC_WARN_UNUSED_FUNCTION = YES;
				GCC_WARN_UNUSED_VARIABLE = YES;
				IPHONEOS_DEPLOYMENT_TARGET = 15.0;
				MTL_ENABLE_DEBUG_INFO = INCLUDE_SOURCE;
				MTL_FAST_MATH = YES;
				ONLY_ACTIVE_ARCH = YES;
				SDKROOT = iphoneos;
				SWIFT_ACTIVE_COMPILATION_CONDITIONS = DEBUG;
				SWIFT_OPTIMIZATION_LEVEL = "-Onone";
			};
			name = Debug;
		};
		5FFABF5727625AA0002DCC2F /* Release */ = {
			isa = XCBuildConfiguration;
			buildSettings = {
				ALWAYS_SEARCH_USER_PATHS = NO;
				CLANG_ANALYZER_NONNULL = YES;
				CLANG_ANALYZER_NUMBER_OBJECT_CONVERSION = YES_AGGRESSIVE;
				CLANG_CXX_LANGUAGE_STANDARD = "gnu++17";
				CLANG_CXX_LIBRARY = "libc++";
				CLANG_ENABLE_MODULES = YES;
				CLANG_ENABLE_OBJC_ARC = YES;
				CLANG_ENABLE_OBJC_WEAK = YES;
				CLANG_WARN_BLOCK_CAPTURE_AUTORELEASING = YES;
				CLANG_WARN_BOOL_CONVERSION = YES;
				CLANG_WARN_COMMA = YES;
				CLANG_WARN_CONSTANT_CONVERSION = YES;
				CLANG_WARN_DEPRECATED_OBJC_IMPLEMENTATIONS = YES;
				CLANG_WARN_DIRECT_OBJC_ISA_USAGE = YES_ERROR;
				CLANG_WARN_DOCUMENTATION_COMMENTS = YES;
				CLANG_WARN_EMPTY_BODY = YES;
				CLANG_WARN_ENUM_CONVERSION = YES;
				CLANG_WARN_INFINITE_RECURSION = YES;
				CLANG_WARN_INT_CONVERSION = YES;
				CLANG_WARN_NON_LITERAL_NULL_CONVERSION = YES;
				CLANG_WARN_OBJC_IMPLICIT_RETAIN_SELF = YES;
				CLANG_WARN_OBJC_LITERAL_CONVERSION = YES;
				CLANG_WARN_OBJC_ROOT_CLASS = YES_ERROR;
				CLANG_WARN_QUOTED_INCLUDE_IN_FRAMEWORK_HEADER = YES;
				CLANG_WARN_RANGE_LOOP_ANALYSIS = YES;
				CLANG_WARN_STRICT_PROTOTYPES = YES;
				CLANG_WARN_SUSPICIOUS_MOVE = YES;
				CLANG_WARN_UNGUARDED_AVAILABILITY = YES_AGGRESSIVE;
				CLANG_WARN_UNREACHABLE_CODE = YES;
				CLANG_WARN__DUPLICATE_METHOD_MATCH = YES;
				COPY_PHASE_STRIP = NO;
				DEBUG_INFORMATION_FORMAT = "dwarf-with-dsym";
				ENABLE_NS_ASSERTIONS = NO;
				ENABLE_STRICT_OBJC_MSGSEND = YES;
				GCC_C_LANGUAGE_STANDARD = gnu11;
				GCC_NO_COMMON_BLOCKS = YES;
				GCC_WARN_64_TO_32_BIT_CONVERSION = YES;
				GCC_WARN_ABOUT_RETURN_TYPE = YES_ERROR;
				GCC_WARN_UNDECLARED_SELECTOR = YES;
				GCC_WARN_UNINITIALIZED_AUTOS = YES_AGGRESSIVE;
				GCC_WARN_UNUSED_FUNCTION = YES;
				GCC_WARN_UNUSED_VARIABLE = YES;
				IPHONEOS_DEPLOYMENT_TARGET = 15.0;
				MTL_ENABLE_DEBUG_INFO = NO;
				MTL_FAST_MATH = YES;
				SDKROOT = iphoneos;
				SWIFT_COMPILATION_MODE = wholemodule;
				SWIFT_OPTIMIZATION_LEVEL = "-O";
				VALIDATE_PRODUCT = YES;
			};
			name = Release;
		};
		5FFABF5927625AA0002DCC2F /* Debug */ = {
			isa = XCBuildConfiguration;
			buildSettings = {
				ASSETCATALOG_COMPILER_APPICON_NAME = AppIcon;
				ASSETCATALOG_COMPILER_GLOBAL_ACCENT_COLOR_NAME = AccentColor;
				CODE_SIGN_STYLE = Automatic;
				CURRENT_PROJECT_VERSION = 1;
				GENERATE_INFOPLIST_FILE = YES;
				INFOPLIST_FILE = BeastList/Info.plist;
				INFOPLIST_KEY_UIApplicationSupportsIndirectInputEvents = YES;
				INFOPLIST_KEY_UILaunchStoryboardName = LaunchScreen;
				INFOPLIST_KEY_UIMainStoryboardFile = Main;
				INFOPLIST_KEY_UISupportedInterfaceOrientations_iPad = "UIInterfaceOrientationPortrait UIInterfaceOrientationPortraitUpsideDown UIInterfaceOrientationLandscapeLeft UIInterfaceOrientationLandscapeRight";
				INFOPLIST_KEY_UISupportedInterfaceOrientations_iPhone = "UIInterfaceOrientationPortrait UIInterfaceOrientationLandscapeLeft UIInterfaceOrientationLandscapeRight";
				LD_RUNPATH_SEARCH_PATHS = (
					"$(inherited)",
					"@executable_path/Frameworks",
				);
				MARKETING_VERSION = 1.0;
				PRODUCT_BUNDLE_IDENTIFIER = lamia.BeastList;
				PRODUCT_NAME = "$(TARGET_NAME)";
				SWIFT_EMIT_LOC_STRINGS = YES;
				SWIFT_VERSION = 5.0;
				TARGETED_DEVICE_FAMILY = "1,2";
			};
			name = Debug;
		};
		5FFABF5A27625AA0002DCC2F /* Release */ = {
			isa = XCBuildConfiguration;
			buildSettings = {
				ASSETCATALOG_COMPILER_APPICON_NAME = AppIcon;
				ASSETCATALOG_COMPILER_GLOBAL_ACCENT_COLOR_NAME = AccentColor;
				CODE_SIGN_STYLE = Automatic;
				CURRENT_PROJECT_VERSION = 1;
				GENERATE_INFOPLIST_FILE = YES;
				INFOPLIST_FILE = BeastList/Info.plist;
				INFOPLIST_KEY_UIApplicationSupportsIndirectInputEvents = YES;
				INFOPLIST_KEY_UILaunchStoryboardName = LaunchScreen;
				INFOPLIST_KEY_UIMainStoryboardFile = Main;
				INFOPLIST_KEY_UISupportedInterfaceOrientations_iPad = "UIInterfaceOrientationPortrait UIInterfaceOrientationPortraitUpsideDown UIInterfaceOrientationLandscapeLeft UIInterfaceOrientationLandscapeRight";
				INFOPLIST_KEY_UISupportedInterfaceOrientations_iPhone = "UIInterfaceOrientationPortrait UIInterfaceOrientationLandscapeLeft UIInterfaceOrientationLandscapeRight";
				LD_RUNPATH_SEARCH_PATHS = (
					"$(inherited)",
					"@executable_path/Frameworks",
				);
				MARKETING_VERSION = 1.0;
				PRODUCT_BUNDLE_IDENTIFIER = lamia.BeastList;
				PRODUCT_NAME = "$(TARGET_NAME)";
				SWIFT_EMIT_LOC_STRINGS = YES;
				SWIFT_VERSION = 5.0;
				TARGETED_DEVICE_FAMILY = "1,2";
			};
			name = Release;
		};
		5FFABF5C27625AA0002DCC2F /* Debug */ = {
			isa = XCBuildConfiguration;
			buildSettings = {
				ALWAYS_EMBED_SWIFT_STANDARD_LIBRARIES = YES;
				BUNDLE_LOADER = "$(TEST_HOST)";
				CODE_SIGN_STYLE = Automatic;
				CURRENT_PROJECT_VERSION = 1;
				GENERATE_INFOPLIST_FILE = YES;
				IPHONEOS_DEPLOYMENT_TARGET = 15.0;
				LD_RUNPATH_SEARCH_PATHS = (
					"$(inherited)",
					"@executable_path/Frameworks",
					"@loader_path/Frameworks",
				);
				MARKETING_VERSION = 1.0;
				PRODUCT_BUNDLE_IDENTIFIER = lamia.BeastListTests;
				PRODUCT_NAME = "$(TARGET_NAME)";
				SWIFT_EMIT_LOC_STRINGS = NO;
				SWIFT_VERSION = 5.0;
				TARGETED_DEVICE_FAMILY = "1,2";
				TEST_HOST = "$(BUILT_PRODUCTS_DIR)/BeastList.app/BeastList";
			};
			name = Debug;
		};
		5FFABF5D27625AA0002DCC2F /* Release */ = {
			isa = XCBuildConfiguration;
			buildSettings = {
				ALWAYS_EMBED_SWIFT_STANDARD_LIBRARIES = YES;
				BUNDLE_LOADER = "$(TEST_HOST)";
				CODE_SIGN_STYLE = Automatic;
				CURRENT_PROJECT_VERSION = 1;
				GENERATE_INFOPLIST_FILE = YES;
				IPHONEOS_DEPLOYMENT_TARGET = 15.0;
				LD_RUNPATH_SEARCH_PATHS = (
					"$(inherited)",
					"@executable_path/Frameworks",
					"@loader_path/Frameworks",
				);
				MARKETING_VERSION = 1.0;
				PRODUCT_BUNDLE_IDENTIFIER = lamia.BeastListTests;
				PRODUCT_NAME = "$(TARGET_NAME)";
				SWIFT_EMIT_LOC_STRINGS = NO;
				SWIFT_VERSION = 5.0;
				TARGETED_DEVICE_FAMILY = "1,2";
				TEST_HOST = "$(BUILT_PRODUCTS_DIR)/BeastList.app/BeastList";
			};
			name = Release;
		};
		5FFABF5F27625AA0002DCC2F /* Debug */ = {
			isa = XCBuildConfiguration;
			buildSettings = {
				ALWAYS_EMBED_SWIFT_STANDARD_LIBRARIES = YES;
				CODE_SIGN_STYLE = Automatic;
				CURRENT_PROJECT_VERSION = 1;
				GENERATE_INFOPLIST_FILE = YES;
				LD_RUNPATH_SEARCH_PATHS = (
					"$(inherited)",
					"@executable_path/Frameworks",
					"@loader_path/Frameworks",
				);
				MARKETING_VERSION = 1.0;
				PRODUCT_BUNDLE_IDENTIFIER = lamia.BeastListUITests;
				PRODUCT_NAME = "$(TARGET_NAME)";
				SWIFT_EMIT_LOC_STRINGS = NO;
				SWIFT_VERSION = 5.0;
				TARGETED_DEVICE_FAMILY = "1,2";
				TEST_TARGET_NAME = BeastList;
			};
			name = Debug;
		};
		5FFABF6027625AA0002DCC2F /* Release */ = {
			isa = XCBuildConfiguration;
			buildSettings = {
				ALWAYS_EMBED_SWIFT_STANDARD_LIBRARIES = YES;
				CODE_SIGN_STYLE = Automatic;
				CURRENT_PROJECT_VERSION = 1;
				GENERATE_INFOPLIST_FILE = YES;
				LD_RUNPATH_SEARCH_PATHS = (
					"$(inherited)",
					"@executable_path/Frameworks",
					"@loader_path/Frameworks",
				);
				MARKETING_VERSION = 1.0;
				PRODUCT_BUNDLE_IDENTIFIER = lamia.BeastListUITests;
				PRODUCT_NAME = "$(TARGET_NAME)";
				SWIFT_EMIT_LOC_STRINGS = NO;
				SWIFT_VERSION = 5.0;
				TARGETED_DEVICE_FAMILY = "1,2";
				TEST_TARGET_NAME = BeastList;
			};
			name = Release;
		};
/* End XCBuildConfiguration section */

/* Begin XCConfigurationList section */
		5FFABF2927625A96002DCC2F /* Build configuration list for PBXProject "BeastList" */ = {
			isa = XCConfigurationList;
			buildConfigurations = (
				5FFABF5627625AA0002DCC2F /* Debug */,
				5FFABF5727625AA0002DCC2F /* Release */,
			);
			defaultConfigurationIsVisible = 0;
			defaultConfigurationName = Release;
		};
		5FFABF5827625AA0002DCC2F /* Build configuration list for PBXNativeTarget "BeastList" */ = {
			isa = XCConfigurationList;
			buildConfigurations = (
				5FFABF5927625AA0002DCC2F /* Debug */,
				5FFABF5A27625AA0002DCC2F /* Release */,
			);
			defaultConfigurationIsVisible = 0;
			defaultConfigurationName = Release;
		};
		5FFABF5B27625AA0002DCC2F /* Build configuration list for PBXNativeTarget "BeastListTests" */ = {
			isa = XCConfigurationList;
			buildConfigurations = (
				5FFABF5C27625AA0002DCC2F /* Debug */,
				5FFABF5D27625AA0002DCC2F /* Release */,
			);
			defaultConfigurationIsVisible = 0;
			defaultConfigurationName = Release;
		};
		5FFABF5E27625AA0002DCC2F /* Build configuration list for PBXNativeTarget "BeastListUITests" */ = {
			isa = XCConfigurationList;
			buildConfigurations = (
				5FFABF5F27625AA0002DCC2F /* Debug */,
				5FFABF6027625AA0002DCC2F /* Release */,
			);
			defaultConfigurationIsVisible = 0;
			defaultConfigurationName = Release;
		};
/* End XCConfigurationList section */
	};
	rootObject = 5FFABF2627625A96002DCC2F /* Project object */;
}
